
Microsoft Visual Studio Solution File, Format Version 12.00
# Visual Studio Version 17
VisualStudioVersion = 17.7.34018.315
MinimumVisualStudioVersion = 10.0.40219.1
Project("{8BC9CEB8-8B4A-11D0-8D11-00A0C91BC942}") = "OglRender", "OglRender\OglRender.vcxproj", "{C970392D-39BB-466F-902D-7130982B2325}"
EndProject
Project("{8BC9CEB8-8B4A-11D0-8D11-00A0C91BC942}") = "OglEditor", "OglEditor\OglEditor.vcxproj", "{7B4B5CF6-0303-4B87-880E-B78AA9D46628}"
EndProject
Project("{8BC9CEB8-8B4A-11D0-8D11-00A0C91BC942}") = "OglUI", "OglUI\OglUI.vcxproj", "{2BC833AB-1BF8-4FF2-805D-9DE6954054EC}"
EndProject
Project("{8BC9CEB8-8B4A-11D0-8D11-00A0C91BC942}") = "OglTools", "OglTools\OglTools.vcxproj", "{2A87FA5A-7C46-4B00-AC0B-EBFCBEABBDE5}"
EndProject
Project("{8BC9CEB8-8B4A-11D0-8D11-00A0C91BC942}") = "OglCore", "OglCore\OglCore.vcxproj", "{03DAF1BD-D158-43CC-824D-2AC91A648D12}"
EndProject
Project("{8BC9CEB8-8B4A-11D0-8D11-00A0C91BC942}") = "OglAnalytics", "OglAnalytics\OglAnalytics.vcxproj", "{7FCFE228-736B-4553-9A2A-271FBD37693C}"
EndProject
Project("{8BC9CEB8-8B4A-11D0-8D11-00A0C91BC942}") = "OglDebug", "OglDebug\OglDebug.vcxproj", "{4D79D96E-CFB3-4164-8B18-E1E051ABC43F}"
EndProject
Project("{8BC9CEB8-8B4A-11D0-8D11-00A0C91BC942}") = "OglMaths", "OglMaths\OglMaths.vcxproj", "{CB3A3177-7553-4D90-9157-CB0085D0F4FC}"
EndProject
Project("{8BC9CEB8-8B4A-11D0-8D11-00A0C91BC942}") = "OglWindow", "OglWindow\OglWindowing.vcxproj", "{BF73C5E1-CB4A-483E-88D9-A8F9C54A7469}"
EndProject
Project("{8BC9CEB8-8B4A-11D0-8D11-00A0C91BC942}") = "OglRenderer", "OglRenderer\OglRendering.vcxproj", "{F97A5CC1-887D-451F-AF4D-9AE8DC76BBAF}"
EndProject
Project("{8BC9CEB8-8B4A-11D0-8D11-00A0C91BC942}") = "OglGame", "OglGame\OglGame.vcxproj", "{6E295CBD-2E22-4A12-9BBF-ED3452E1DE04}"
EndProject
Project("{8BC9CEB8-8B4A-11D0-8D11-00A0C91BC942}") = "OglTest", "OglTest\OglTest.vcxproj", "{401E6D77-1996-4C66-A3A6-CB0DCD70437D}"
EndProject
Global
	GlobalSection(SolutionConfigurationPlatforms) = preSolution
		Debug|x64 = Debug|x64
		Debug|x86 = Debug|x86
		Release|x64 = Release|x64
		Release|x86 = Release|x86
	EndGlobalSection
	GlobalSection(ProjectConfigurationPlatforms) = postSolution
		{C970392D-39BB-466F-902D-7130982B2325}.Debug|x64.ActiveCfg = Debug|x64
		{C970392D-39BB-466F-902D-7130982B2325}.Debug|x64.Build.0 = Debug|x64
		{C970392D-39BB-466F-902D-7130982B2325}.Debug|x86.ActiveCfg = Debug|Win32
		{C970392D-39BB-466F-902D-7130982B2325}.Debug|x86.Build.0 = Debug|Win32
		{C970392D-39BB-466F-902D-7130982B2325}.Release|x64.ActiveCfg = Release|x64
		{C970392D-39BB-466F-902D-7130982B2325}.Release|x64.Build.0 = Release|x64
		{C970392D-39BB-466F-902D-7130982B2325}.Release|x86.ActiveCfg = Release|Win32
		{C970392D-39BB-466F-902D-7130982B2325}.Release|x86.Build.0 = Release|Win32
		{7B4B5CF6-0303-4B87-880E-B78AA9D46628}.Debug|x64.ActiveCfg = Debug|x64
		{7B4B5CF6-0303-4B87-880E-B78AA9D46628}.Debug|x64.Build.0 = Debug|x64
		{7B4B5CF6-0303-4B87-880E-B78AA9D46628}.Debug|x86.ActiveCfg = Debug|Win32
		{7B4B5CF6-0303-4B87-880E-B78AA9D46628}.Debug|x86.Build.0 = Debug|Win32
		{7B4B5CF6-0303-4B87-880E-B78AA9D46628}.Release|x64.ActiveCfg = Release|x64
		{7B4B5CF6-0303-4B87-880E-B78AA9D46628}.Release|x64.Build.0 = Release|x64
		{7B4B5CF6-0303-4B87-880E-B78AA9D46628}.Release|x86.ActiveCfg = Release|Win32
		{7B4B5CF6-0303-4B87-880E-B78AA9D46628}.Release|x86.Build.0 = Release|Win32
		{2BC833AB-1BF8-4FF2-805D-9DE6954054EC}.Debug|x64.ActiveCfg = Debug|x64
		{2BC833AB-1BF8-4FF2-805D-9DE6954054EC}.Debug|x64.Build.0 = Debug|x64
		{2BC833AB-1BF8-4FF2-805D-9DE6954054EC}.Debug|x86.ActiveCfg = Debug|Win32
		{2BC833AB-1BF8-4FF2-805D-9DE6954054EC}.Debug|x86.Build.0 = Debug|Win32
		{2BC833AB-1BF8-4FF2-805D-9DE6954054EC}.Release|x64.ActiveCfg = Release|x64
		{2BC833AB-1BF8-4FF2-805D-9DE6954054EC}.Release|x64.Build.0 = Release|x64
		{2BC833AB-1BF8-4FF2-805D-9DE6954054EC}.Release|x86.ActiveCfg = Release|Win32
		{2BC833AB-1BF8-4FF2-805D-9DE6954054EC}.Release|x86.Build.0 = Release|Win32
		{2A87FA5A-7C46-4B00-AC0B-EBFCBEABBDE5}.Debug|x64.ActiveCfg = Debug|x64
		{2A87FA5A-7C46-4B00-AC0B-EBFCBEABBDE5}.Debug|x64.Build.0 = Debug|x64
		{2A87FA5A-7C46-4B00-AC0B-EBFCBEABBDE5}.Debug|x86.ActiveCfg = Debug|Win32
		{2A87FA5A-7C46-4B00-AC0B-EBFCBEABBDE5}.Debug|x86.Build.0 = Debug|Win32
		{2A87FA5A-7C46-4B00-AC0B-EBFCBEABBDE5}.Release|x64.ActiveCfg = Release|x64
		{2A87FA5A-7C46-4B00-AC0B-EBFCBEABBDE5}.Release|x64.Build.0 = Release|x64
		{2A87FA5A-7C46-4B00-AC0B-EBFCBEABBDE5}.Release|x86.ActiveCfg = Release|Win32
		{2A87FA5A-7C46-4B00-AC0B-EBFCBEABBDE5}.Release|x86.Build.0 = Release|Win32
		{03DAF1BD-D158-43CC-824D-2AC91A648D12}.Debug|x64.ActiveCfg = Debug|x64
		{03DAF1BD-D158-43CC-824D-2AC91A648D12}.Debug|x64.Build.0 = Debug|x64
		{03DAF1BD-D158-43CC-824D-2AC91A648D12}.Debug|x86.ActiveCfg = Debug|Win32
		{03DAF1BD-D158-43CC-824D-2AC91A648D12}.Debug|x86.Build.0 = Debug|Win32
		{03DAF1BD-D158-43CC-824D-2AC91A648D12}.Release|x64.ActiveCfg = Release|x64
		{03DAF1BD-D158-43CC-824D-2AC91A648D12}.Release|x64.Build.0 = Release|x64
		{03DAF1BD-D158-43CC-824D-2AC91A648D12}.Release|x86.ActiveCfg = Release|Win32
		{03DAF1BD-D158-43CC-824D-2AC91A648D12}.Release|x86.Build.0 = Release|Win32
		{7FCFE228-736B-4553-9A2A-271FBD37693C}.Debug|x64.ActiveCfg = Debug|x64
		{7FCFE228-736B-4553-9A2A-271FBD37693C}.Debug|x64.Build.0 = Debug|x64
		{7FCFE228-736B-4553-9A2A-271FBD37693C}.Debug|x86.ActiveCfg = Debug|Win32
		{7FCFE228-736B-4553-9A2A-271FBD37693C}.Debug|x86.Build.0 = Debug|Win32
		{7FCFE228-736B-4553-9A2A-271FBD37693C}.Release|x64.ActiveCfg = Release|x64
		{7FCFE228-736B-4553-9A2A-271FBD37693C}.Release|x64.Build.0 = Release|x64
		{7FCFE228-736B-4553-9A2A-271FBD37693C}.Release|x86.ActiveCfg = Release|Win32
		{7FCFE228-736B-4553-9A2A-271FBD37693C}.Release|x86.Build.0 = Release|Win32
		{4D79D96E-CFB3-4164-8B18-E1E051ABC43F}.Debug|x64.ActiveCfg = Debug|x64
		{4D79D96E-CFB3-4164-8B18-E1E051ABC43F}.Debug|x64.Build.0 = Debug|x64
		{4D79D96E-CFB3-4164-8B18-E1E051ABC43F}.Debug|x86.ActiveCfg = Debug|Win32
		{4D79D96E-CFB3-4164-8B18-E1E051ABC43F}.Debug|x86.Build.0 = Debug|Win32
		{4D79D96E-CFB3-4164-8B18-E1E051ABC43F}.Release|x64.ActiveCfg = Release|x64
		{4D79D96E-CFB3-4164-8B18-E1E051ABC43F}.Release|x64.Build.0 = Release|x64
		{4D79D96E-CFB3-4164-8B18-E1E051ABC43F}.Release|x86.ActiveCfg = Release|Win32
		{4D79D96E-CFB3-4164-8B18-E1E051ABC43F}.Release|x86.Build.0 = Release|Win32
		{CB3A3177-7553-4D90-9157-CB0085D0F4FC}.Debug|x64.ActiveCfg = Debug|x64
		{CB3A3177-7553-4D90-9157-CB0085D0F4FC}.Debug|x64.Build.0 = Debug|x64
		{CB3A3177-7553-4D90-9157-CB0085D0F4FC}.Debug|x86.ActiveCfg = Debug|Win32
		{CB3A3177-7553-4D90-9157-CB0085D0F4FC}.Debug|x86.Build.0 = Debug|Win32
		{CB3A3177-7553-4D90-9157-CB0085D0F4FC}.Release|x64.ActiveCfg = Release|x64
		{CB3A3177-7553-4D90-9157-CB0085D0F4FC}.Release|x64.Build.0 = Release|x64
		{CB3A3177-7553-4D90-9157-CB0085D0F4FC}.Release|x86.ActiveCfg = Release|Win32
		{CB3A3177-7553-4D90-9157-CB0085D0F4FC}.Release|x86.Build.0 = Release|Win32
		{BF73C5E1-CB4A-483E-88D9-A8F9C54A7469}.Debug|x64.ActiveCfg = Debug|x64
		{BF73C5E1-CB4A-483E-88D9-A8F9C54A7469}.Debug|x64.Build.0 = Debug|x64
		{BF73C5E1-CB4A-483E-88D9-A8F9C54A7469}.Debug|x86.ActiveCfg = Debug|Win32
		{BF73C5E1-CB4A-483E-88D9-A8F9C54A7469}.Debug|x86.Build.0 = Debug|Win32
		{BF73C5E1-CB4A-483E-88D9-A8F9C54A7469}.Release|x64.ActiveCfg = Release|x64
		{BF73C5E1-CB4A-483E-88D9-A8F9C54A7469}.Release|x64.Build.0 = Release|x64
		{BF73C5E1-CB4A-483E-88D9-A8F9C54A7469}.Release|x86.ActiveCfg = Release|Win32
		{BF73C5E1-CB4A-483E-88D9-A8F9C54A7469}.Release|x86.Build.0 = Release|Win32
		{F97A5CC1-887D-451F-AF4D-9AE8DC76BBAF}.Debug|x64.ActiveCfg = Debug|x64
		{F97A5CC1-887D-451F-AF4D-9AE8DC76BBAF}.Debug|x64.Build.0 = Debug|x64
		{F97A5CC1-887D-451F-AF4D-9AE8DC76BBAF}.Debug|x86.ActiveCfg = Debug|Win32
		{F97A5CC1-887D-451F-AF4D-9AE8DC76BBAF}.Debug|x86.Build.0 = Debug|Win32
		{F97A5CC1-887D-451F-AF4D-9AE8DC76BBAF}.Release|x64.ActiveCfg = Release|x64
		{F97A5CC1-887D-451F-AF4D-9AE8DC76BBAF}.Release|x64.Build.0 = Release|x64
		{F97A5CC1-887D-451F-AF4D-9AE8DC76BBAF}.Release|x86.ActiveCfg = Release|Win32
		{F97A5CC1-887D-451F-AF4D-9AE8DC76BBAF}.Release|x86.Build.0 = Release|Win32
		{6E295CBD-2E22-4A12-9BBF-ED3452E1DE04}.Debug|x64.ActiveCfg = Debug|x64
		{6E295CBD-2E22-4A12-9BBF-ED3452E1DE04}.Debug|x64.Build.0 = Debug|x64
		{6E295CBD-2E22-4A12-9BBF-ED3452E1DE04}.Debug|x86.ActiveCfg = Debug|Win32
		{6E295CBD-2E22-4A12-9BBF-ED3452E1DE04}.Debug|x86.Build.0 = Debug|Win32
		{6E295CBD-2E22-4A12-9BBF-ED3452E1DE04}.Release|x64.ActiveCfg = Release|x64
		{6E295CBD-2E22-4A12-9BBF-ED3452E1DE04}.Release|x64.Build.0 = Release|x64
		{6E295CBD-2E22-4A12-9BBF-ED3452E1DE04}.Release|x86.ActiveCfg = Release|Win32
		{6E295CBD-2E22-4A12-9BBF-ED3452E1DE04}.Release|x86.Build.0 = Release|Win32
		{401E6D77-1996-4C66-A3A6-CB0DCD70437D}.Debug|x64.ActiveCfg = Debug|x64
		{401E6D77-1996-4C66-A3A6-CB0DCD70437D}.Debug|x64.Build.0 = Debug|x64
		{401E6D77-1996-4C66-A3A6-CB0DCD70437D}.Debug|x86.ActiveCfg = Debug|Win32
		{401E6D77-1996-4C66-A3A6-CB0DCD70437D}.Debug|x86.Build.0 = Debug|Win32
		{401E6D77-1996-4C66-A3A6-CB0DCD70437D}.Release|x64.ActiveCfg = Release|x64
		{401E6D77-1996-4C66-A3A6-CB0DCD70437D}.Release|x64.Build.0 = Release|x64
		{401E6D77-1996-4C66-A3A6-CB0DCD70437D}.Release|x86.ActiveCfg = Release|Win32
		{401E6D77-1996-4C66-A3A6-CB0DCD70437D}.Release|x86.Build.0 = Release|Win32
	EndGlobalSection
	GlobalSection(SolutionProperties) = preSolution
		HideSolutionNode = FALSE
	EndGlobalSection
	GlobalSection(ExtensibilityGlobals) = postSolution
		SolutionGuid = {3F80CAED-D190-4AA2-8191-E208172172B2}
	EndGlobalSection
EndGlobal
