<?xml version="1.0" encoding="utf-8"?>
<Project ToolsVersion="4.0" xmlns="http://schemas.microsoft.com/developer/msbuild/2003">
  <ItemGroup>
    <Filter Include="源文件">
      <UniqueIdentifier>{4FC737F1-C7A5-4376-A066-2A32D752A2FF}</UniqueIdentifier>
      <Extensions>cpp;c;cc;cxx;c++;cppm;ixx;def;odl;idl;hpj;bat;asm;asmx</Extensions>
    </Filter>
    <Filter Include="头文件">
      <UniqueIdentifier>{93995380-89BD-4b04-88EB-625FBE52EBFB}</UniqueIdentifier>
      <Extensions>h;hh;hpp;hxx;h++;hm;inl;inc;ipp;xsd</Extensions>
    </Filter>
    <Filter Include="资源文件">
      <UniqueIdentifier>{67DA6AB6-F800-4c08-8B7A-83BB121AAD01}</UniqueIdentifier>
      <Extensions>rc;ico;cur;bmp;dlg;rc2;rct;bin;rgs;gif;jpg;jpeg;jpe;resx;tiff;tif;png;wav;mfcribbon-ms</Extensions>
    </Filter>
    <Filter Include="头文件\API">
      <UniqueIdentifier>{df20b307-67c8-42e7-91b8-e1e5c9c5cbb1}</UniqueIdentifier>
    </Filter>
    <Filter Include="头文件\Widgets">
      <UniqueIdentifier>{1939d4e0-6c97-409e-803d-b56b0debb6a6}</UniqueIdentifier>
    </Filter>
    <Filter Include="源文件\Widgets">
      <UniqueIdentifier>{1c8f4fcf-28d5-4e7c-8a6d-b6bcce8f11a7}</UniqueIdentifier>
    </Filter>
    <Filter Include="头文件\Internal">
      <UniqueIdentifier>{5c18084e-338f-4e51-9b46-80281f060d4f}</UniqueIdentifier>
    </Filter>
    <Filter Include="源文件\Internal">
      <UniqueIdentifier>{b7ce3d03-2de7-43f0-ad6e-9860bea0e0b9}</UniqueIdentifier>
    </Filter>
    <Filter Include="头文件\Plugins">
      <UniqueIdentifier>{7ecdef7f-c4c3-4d4d-9419-a15a4f3a7ee1}</UniqueIdentifier>
    </Filter>
    <Filter Include="源文件\Plugins">
      <UniqueIdentifier>{9b49f799-fcf6-43d4-b5b3-5676e8660bf2}</UniqueIdentifier>
    </Filter>
    <Filter Include="头文件\ImGui">
      <UniqueIdentifier>{ea639440-6575-40c9-aed4-22db52f9f674}</UniqueIdentifier>
    </Filter>
    <Filter Include="头文件\Widgets\Buttons">
      <UniqueIdentifier>{3f87b438-78c6-4561-88f3-b8606e8b5d33}</UniqueIdentifier>
    </Filter>
    <Filter Include="源文件\Widgets\Buttons">
      <UniqueIdentifier>{b80a2283-2106-41f3-92d3-2b14b495a23b}</UniqueIdentifier>
    </Filter>
    <Filter Include="头文件\Styling">
      <UniqueIdentifier>{9ff41601-bf7c-4f84-aefd-45cabcfa59ef}</UniqueIdentifier>
    </Filter>
    <Filter Include="头文件\Widgets\Drags">
      <UniqueIdentifier>{4213c6d2-cb74-42a8-a25a-d942e510bec6}</UniqueIdentifier>
    </Filter>
    <Filter Include="源文件\Widgets\Drags">
      <UniqueIdentifier>{083456f1-140a-4edd-a0f9-83ce93a60600}</UniqueIdentifier>
    </Filter>
    <Filter Include="源文件\Widgets\InputFields">
      <UniqueIdentifier>{bf16c66c-396e-4f76-901f-a28e490f2683}</UniqueIdentifier>
    </Filter>
    <Filter Include="头文件\Widgets\InputFields">
      <UniqueIdentifier>{7bf5f208-af64-4156-934c-06441be08db9}</UniqueIdentifier>
    </Filter>
    <Filter Include="头文件\Widgets\Layout">
      <UniqueIdentifier>{aaf61734-5a93-42ff-a086-12efd6b58fac}</UniqueIdentifier>
    </Filter>
    <Filter Include="源文件\Widgets\Layout">
      <UniqueIdentifier>{5fccf3d1-33d3-4813-8551-0d9eca0986fe}</UniqueIdentifier>
    </Filter>
    <Filter Include="头文件\Widgets\Menu">
      <UniqueIdentifier>{6ae05427-c67b-4e70-94bf-b34cf953a574}</UniqueIdentifier>
    </Filter>
    <Filter Include="源文件\Widgets\Menu">
      <UniqueIdentifier>{604e87c3-4cee-46a1-b820-d7bb46fd3e4a}</UniqueIdentifier>
    </Filter>
    <Filter Include="源文件\Widgets\Plots">
      <UniqueIdentifier>{5f61315b-2e4e-4b90-b7ac-b2d0dc8259b7}</UniqueIdentifier>
    </Filter>
    <Filter Include="头文件\Widgets\Plots">
      <UniqueIdentifier>{125623b4-4bbd-40b4-b504-a52e9b2126d5}</UniqueIdentifier>
    </Filter>
    <Filter Include="头文件\Widgets\Selection">
      <UniqueIdentifier>{04588e6d-b3e9-431a-936a-4db659c85fc5}</UniqueIdentifier>
    </Filter>
    <Filter Include="源文件\Widgets\Selection">
      <UniqueIdentifier>{52f7c711-b513-4ca4-9d64-cff513c0f58e}</UniqueIdentifier>
    </Filter>
    <Filter Include="头文件\Widgets\Sliders">
      <UniqueIdentifier>{0ff6d2df-f176-4230-8ceb-dac9fb4308d1}</UniqueIdentifier>
    </Filter>
    <Filter Include="源文件\Widgets\Sliders">
      <UniqueIdentifier>{0b182bd8-c5ce-47e4-8a3f-4817fc8e4690}</UniqueIdentifier>
    </Filter>
    <Filter Include="源文件\Widgets\Texts">
      <UniqueIdentifier>{f61ae3b1-814a-42d3-9c9c-eb43dddc70f9}</UniqueIdentifier>
    </Filter>
    <Filter Include="头文件\Widgets\Texts">
      <UniqueIdentifier>{5801dcd4-46ab-4a24-b761-4f8ea0503d3a}</UniqueIdentifier>
    </Filter>
    <Filter Include="头文件\Widgets\Visual">
      <UniqueIdentifier>{ac450efe-2298-499a-a99c-e632b062caf4}</UniqueIdentifier>
    </Filter>
    <Filter Include="源文件\Widgets\Visual">
      <UniqueIdentifier>{af4d6ae8-b52e-462c-b7ba-d04bacd505f0}</UniqueIdentifier>
    </Filter>
    <Filter Include="头文件\Core">
      <UniqueIdentifier>{e8b6f072-cae3-442e-b4bc-6fa48d92a171}</UniqueIdentifier>
    </Filter>
    <Filter Include="头文件\Modules">
      <UniqueIdentifier>{34b6f71c-ca96-4617-ad3e-70233e5831a4}</UniqueIdentifier>
    </Filter>
    <Filter Include="头文件\Panels">
      <UniqueIdentifier>{55eee55a-bfe8-4774-b17d-8cb0edc1348c}</UniqueIdentifier>
    </Filter>
    <Filter Include="源文件\Widgets\Panels">
      <UniqueIdentifier>{70eb24fb-2bbd-489b-9944-d36af3c9a9e9}</UniqueIdentifier>
    </Filter>
    <Filter Include="头文件\Types">
      <UniqueIdentifier>{280f01f0-b28e-4803-b921-1e63cfb25da6}</UniqueIdentifier>
    </Filter>
  </ItemGroup>
  <ItemGroup>
    <ClInclude Include="UI_IDrawable.h">
      <Filter>头文件\API</Filter>
    </ClInclude>
    <ClInclude Include="UI_AWidget.h">
      <Filter>头文件\Widgets</Filter>
    </ClInclude>
    <ClInclude Include="UI_WidgetContainer.h">
      <Filter>头文件\Internal</Filter>
    </ClInclude>
    <ClInclude Include="UI_EMemoryMode.h">
      <Filter>头文件\Internal</Filter>
    </ClInclude>
    <ClInclude Include="UI_IPlugin.h">
      <Filter>头文件\Plugins</Filter>
    </ClInclude>
    <ClInclude Include="imconfig.h">
      <Filter>头文件\ImGui</Filter>
    </ClInclude>
    <ClInclude Include="imgui.h">
      <Filter>头文件\ImGui</Filter>
    </ClInclude>
    <ClInclude Include="imgui_impl_glfw.h">
      <Filter>头文件\ImGui</Filter>
    </ClInclude>
    <ClInclude Include="imgui_impl_opengl3.h">
      <Filter>头文件\ImGui</Filter>
    </ClInclude>
    <ClInclude Include="imgui_internal.h">
      <Filter>头文件\ImGui</Filter>
    </ClInclude>
    <ClInclude Include="imstb_rectpack.h">
      <Filter>头文件\ImGui</Filter>
    </ClInclude>
    <ClInclude Include="imstb_textedit.h">
      <Filter>头文件\ImGui</Filter>
    </ClInclude>
    <ClInclude Include="imstb_truetype.h">
      <Filter>头文件\ImGui</Filter>
    </ClInclude>
    <ClInclude Include="UI_AButton.h">
      <Filter>头文件\Widgets\Buttons</Filter>
    </ClInclude>
    <ClInclude Include="UI_Converter.h">
      <Filter>头文件\Internal</Filter>
    </ClInclude>
    <ClInclude Include="UI_Pluginable.h">
      <Filter>头文件\Plugins</Filter>
    </ClInclude>
    <ClInclude Include="UI_ButtonArrow.h">
      <Filter>头文件\Widgets\Buttons</Filter>
    </ClInclude>
    <ClInclude Include="UI_Button.h">
      <Filter>头文件\Widgets\Buttons</Filter>
    </ClInclude>
    <ClInclude Include="UI_ButtonColored.h">
      <Filter>头文件\Widgets\Buttons</Filter>
    </ClInclude>
    <ClInclude Include="UI_ButtonImage.h">
      <Filter>头文件\Widgets\Buttons</Filter>
    </ClInclude>
    <ClInclude Include="UI_TextureID.h">
      <Filter>头文件\Internal</Filter>
    </ClInclude>
    <ClInclude Include="UI_ButtonSmall.h">
      <Filter>头文件\Widgets\Buttons</Filter>
    </ClInclude>
    <ClInclude Include="UI_DragInt.h">
      <Filter>头文件\Widgets\Drags</Filter>
    </ClInclude>
    <ClInclude Include="UI_DragSingleScalar.h">
      <Filter>头文件\Widgets\Drags</Filter>
    </ClInclude>
    <ClInclude Include="UI_DragFloat.h">
      <Filter>头文件\Widgets\Drags</Filter>
    </ClInclude>
    <ClInclude Include="UI_DragDouble.h">
      <Filter>头文件\Widgets\Drags</Filter>
    </ClInclude>
    <ClInclude Include="UI_DragMultipleScalars.h">
      <Filter>头文件\Widgets\Drags</Filter>
    </ClInclude>
    <ClInclude Include="UI_DragMultipleInts.h">
      <Filter>头文件\Widgets\Drags</Filter>
    </ClInclude>
    <ClInclude Include="UI_DragMultipleFloats.h">
      <Filter>头文件\Widgets\Drags</Filter>
    </ClInclude>
    <ClInclude Include="UI_DragMultipleDoubles.h">
      <Filter>头文件\Widgets\Drags</Filter>
    </ClInclude>
    <ClInclude Include="UI_InputSingleScalar.h">
      <Filter>头文件\Widgets\InputFields</Filter>
    </ClInclude>
    <ClInclude Include="UI_InputText.h">
      <Filter>头文件\Widgets\InputFields</Filter>
    </ClInclude>
    <ClInclude Include="UI_InputInt.h">
      <Filter>头文件\Widgets\InputFields</Filter>
    </ClInclude>
    <ClInclude Include="UI_InputFloat.h">
      <Filter>头文件\Widgets\InputFields</Filter>
    </ClInclude>
    <ClInclude Include="UI_InputDouble.h">
      <Filter>头文件\Widgets\InputFields</Filter>
    </ClInclude>
    <ClInclude Include="UI_InputMultipleScalars.h">
      <Filter>头文件\Widgets\InputFields</Filter>
    </ClInclude>
    <ClInclude Include="UI_InputMultipleInts.h">
      <Filter>头文件\Widgets\InputFields</Filter>
    </ClInclude>
    <ClInclude Include="UI_InputMultipleDoubles.h">
      <Filter>头文件\Widgets\InputFields</Filter>
    </ClInclude>
    <ClInclude Include="UI_InputMultipleFloats.h">
      <Filter>头文件\Widgets\InputFields</Filter>
    </ClInclude>
    <ClInclude Include="UI_TreeNode.h">
      <Filter>头文件\Widgets\Layout</Filter>
    </ClInclude>
    <ClInclude Include="UI_Columns.h">
      <Filter>头文件\Widgets\Layout</Filter>
    </ClInclude>
    <ClInclude Include="UI_Dummy.h">
      <Filter>头文件\Widgets\Layout</Filter>
    </ClInclude>
    <ClInclude Include="UI_GroupCollapsable.h">
      <Filter>头文件\Widgets\Layout</Filter>
    </ClInclude>
    <ClInclude Include="UI_Group.h">
      <Filter>头文件\Widgets\Layout</Filter>
    </ClInclude>
    <ClInclude Include="UI_NewLine.h">
      <Filter>头文件\Widgets\Layout</Filter>
    </ClInclude>
    <ClInclude Include="UI_Spacing.h">
      <Filter>头文件\Widgets\Layout</Filter>
    </ClInclude>
    <ClInclude Include="UI_MenuItem.h">
      <Filter>头文件\Widgets\Menu</Filter>
    </ClInclude>
    <ClInclude Include="UI_MenuList.h">
      <Filter>头文件\Widgets\Menu</Filter>
    </ClInclude>
    <ClInclude Include="UI_APlot.h">
      <Filter>头文件\Widgets\Plots</Filter>
    </ClInclude>
    <ClInclude Include="UI_PlotHistogram.h">
      <Filter>头文件\Widgets\Plots</Filter>
    </ClInclude>
    <ClInclude Include="UI_PlotLines.h">
      <Filter>头文件\Widgets\Plots</Filter>
    </ClInclude>
    <ClInclude Include="UI_CheckBox.h">
      <Filter>头文件\Widgets\Selection</Filter>
    </ClInclude>
    <ClInclude Include="UI_ColorEdit.h">
      <Filter>头文件\Widgets\Selection</Filter>
    </ClInclude>
    <ClInclude Include="UI_ColorPicker.h">
      <Filter>头文件\Widgets\Selection</Filter>
    </ClInclude>
    <ClInclude Include="UI_ComboBox.h">
      <Filter>头文件\Widgets\Selection</Filter>
    </ClInclude>
    <ClInclude Include="UI_RadioButton.h">
      <Filter>头文件\Widgets\Selection</Filter>
    </ClInclude>
    <ClInclude Include="UI_RadioButtonLinker.h">
      <Filter>头文件\Widgets\Selection</Filter>
    </ClInclude>
    <ClInclude Include="UI_ESliderOrientation.h">
      <Filter>头文件\Widgets\Sliders</Filter>
    </ClInclude>
    <ClInclude Include="UI_SliderSingleScalar.h">
      <Filter>头文件\Widgets\Sliders</Filter>
    </ClInclude>
    <ClInclude Include="UI_SliderInt.h">
      <Filter>头文件\Widgets\Sliders</Filter>
    </ClInclude>
    <ClInclude Include="UI_SliderFloat.h">
      <Filter>头文件\Widgets\Sliders</Filter>
    </ClInclude>
    <ClInclude Include="UI_SliderDouble.h">
      <Filter>头文件\Widgets\Sliders</Filter>
    </ClInclude>
    <ClInclude Include="UI_SliderMultipleScalars.h">
      <Filter>头文件\Widgets\Sliders</Filter>
    </ClInclude>
    <ClInclude Include="UI_SliderMultipleInts.h">
      <Filter>头文件\Widgets\Sliders</Filter>
    </ClInclude>
    <ClInclude Include="UI_SliderMultipleFloats.h">
      <Filter>头文件\Widgets\Sliders</Filter>
    </ClInclude>
    <ClInclude Include="UI_SliderMultipleDoubles.h">
      <Filter>头文件\Widgets\Sliders</Filter>
    </ClInclude>
    <ClInclude Include="UI_Text.h">
      <Filter>头文件\Widgets\Texts</Filter>
    </ClInclude>
    <ClInclude Include="UI_TextClickable.h">
      <Filter>头文件\Widgets\Texts</Filter>
    </ClInclude>
    <ClInclude Include="UI_DataWidget.h">
      <Filter>头文件\Widgets</Filter>
    </ClInclude>
    <ClInclude Include="UI_TextColored.h">
      <Filter>头文件\Widgets\Texts</Filter>
    </ClInclude>
    <ClInclude Include="UI_TextDisabled.h">
      <Filter>头文件\Widgets\Texts</Filter>
    </ClInclude>
    <ClInclude Include="UI_TextLabelled.h">
      <Filter>头文件\Widgets\Texts</Filter>
    </ClInclude>
    <ClInclude Include="UI_TextSelectable.h">
      <Filter>头文件\Widgets\Texts</Filter>
    </ClInclude>
    <ClInclude Include="UI_TextWrapped.h">
      <Filter>头文件\Widgets\Texts</Filter>
    </ClInclude>
    <ClInclude Include="UI_Bullet.h">
      <Filter>头文件\Widgets\Visual</Filter>
    </ClInclude>
    <ClInclude Include="UI_Image.h">
      <Filter>头文件\Widgets\Visual</Filter>
    </ClInclude>
    <ClInclude Include="UI_ProgressBar.h">
      <Filter>头文件\Widgets\Visual</Filter>
    </ClInclude>
    <ClInclude Include="UI_Separator.h">
      <Filter>头文件\Widgets\Visual</Filter>
    </ClInclude>
    <ClInclude Include="UI_Manager.h">
      <Filter>头文件\Core</Filter>
    </ClInclude>
    <ClInclude Include="UI_Canvas.h">
      <Filter>头文件\Modules</Filter>
    </ClInclude>
    <ClInclude Include="UI_APanel.h">
      <Filter>头文件\Panels</Filter>
    </ClInclude>
    <ClInclude Include="UI_Color.h">
      <Filter>头文件\Types</Filter>
    </ClInclude>
    <ClInclude Include="UI_EStyle.h">
      <Filter>头文件\Styling</Filter>
    </ClInclude>
  </ItemGroup>
  <ItemGroup>
    <ClCompile Include="UI_AWidget.cpp">
      <Filter>源文件\Widgets</Filter>
    </ClCompile>
    <ClCompile Include="UI_WidgetContainer.cpp">
      <Filter>源文件\Internal</Filter>
    </ClCompile>
    <ClCompile Include="UI_Converter.cpp">
      <Filter>源文件\Internal</Filter>
    </ClCompile>
    <ClCompile Include="UI_Pluginable.cpp">
      <Filter>源文件\Plugins</Filter>
    </ClCompile>
    <ClCompile Include="UI_ButtonArrow.cpp">
      <Filter>源文件\Widgets\Buttons</Filter>
    </ClCompile>
    <ClCompile Include="UI_Button.cpp">
      <Filter>源文件\Widgets\Buttons</Filter>
    </ClCompile>
    <ClCompile Include="UI_ButtonColored.cpp">
      <Filter>源文件\Widgets\Buttons</Filter>
    </ClCompile>
    <ClCompile Include="UI_ButtonImage.cpp">
      <Filter>源文件\Widgets\Buttons</Filter>
    </ClCompile>
    <ClCompile Include="UI_ButtonSmall.cpp">
      <Filter>源文件\Widgets\Buttons</Filter>
    </ClCompile>
    <ClCompile Include="UI_DragInt.cpp">
      <Filter>源文件\Widgets\Drags</Filter>
    </ClCompile>
    <ClCompile Include="UI_DragSingleScalar.cpp">
      <Filter>源文件\Widgets\Drags</Filter>
    </ClCompile>
    <ClCompile Include="UI_DragFloat.cpp">
      <Filter>源文件\Widgets\Drags</Filter>
    </ClCompile>
    <ClCompile Include="UI_DragDouble.cpp">
      <Filter>源文件\Widgets\Drags</Filter>
    </ClCompile>
    <ClCompile Include="UI_DragMultipleScalars.cpp">
      <Filter>源文件\Widgets\Drags</Filter>
    </ClCompile>
    <ClCompile Include="UI_DragMultipleFloats.cpp">
      <Filter>源文件\Widgets\Drags</Filter>
    </ClCompile>
    <ClCompile Include="UI_DragMultipleInts.cpp">
      <Filter>源文件\Widgets\Drags</Filter>
    </ClCompile>
    <ClCompile Include="UI_DragMultipleDoubles.cpp">
      <Filter>源文件\Widgets\Drags</Filter>
    </ClCompile>
    <ClCompile Include="UI_InputSingleScalar.cpp">
      <Filter>源文件\Widgets\InputFields</Filter>
    </ClCompile>
    <ClCompile Include="UI_InputText.cpp">
      <Filter>源文件\Widgets\InputFields</Filter>
    </ClCompile>
    <ClCompile Include="UI_InputInt.cpp">
      <Filter>源文件\Widgets\InputFields</Filter>
    </ClCompile>
    <ClCompile Include="UI_InputFloat.cpp">
      <Filter>源文件\Widgets\InputFields</Filter>
    </ClCompile>
    <ClCompile Include="UI_InputDouble.cpp">
      <Filter>源文件\Widgets\InputFields</Filter>
    </ClCompile>
    <ClCompile Include="UI_InputMultipleScalars.cpp">
      <Filter>源文件\Widgets\InputFields</Filter>
    </ClCompile>
    <ClCompile Include="UI_InputMultipleInts.cpp">
      <Filter>源文件\Widgets\InputFields</Filter>
    </ClCompile>
    <ClCompile Include="UI_InputMultipleFloats.cpp">
      <Filter>源文件\Widgets\InputFields</Filter>
    </ClCompile>
    <ClCompile Include="UI_InputMultipleDoubles.cpp">
      <Filter>源文件\Widgets\InputFields</Filter>
    </ClCompile>
    <ClCompile Include="UI_TreeNode.cpp">
      <Filter>源文件\Widgets\Layout</Filter>
    </ClCompile>
    <ClCompile Include="UI_Columns.cpp">
      <Filter>源文件\Widgets\Layout</Filter>
    </ClCompile>
    <ClCompile Include="UI_Dummy.cpp">
      <Filter>源文件\Widgets\Layout</Filter>
    </ClCompile>
    <ClCompile Include="UI_GroupCollapsable.cpp">
      <Filter>源文件\Widgets\Layout</Filter>
    </ClCompile>
    <ClCompile Include="UI_Group.cpp">
      <Filter>源文件\Widgets\Layout</Filter>
    </ClCompile>
    <ClCompile Include="UI_NewLine.cpp">
      <Filter>源文件\Widgets\Layout</Filter>
    </ClCompile>
    <ClCompile Include="UI_Spacing.cpp">
      <Filter>源文件\Widgets\Layout</Filter>
    </ClCompile>
    <ClCompile Include="UI_MenuItem.cpp">
      <Filter>源文件\Widgets\Menu</Filter>
    </ClCompile>
    <ClCompile Include="UI_MenuList.cpp">
      <Filter>源文件\Widgets\Menu</Filter>
    </ClCompile>
    <ClCompile Include="UI_APlot.cpp">
      <Filter>源文件\Widgets\Plots</Filter>
    </ClCompile>
    <ClCompile Include="UI_PlotHistogram.cpp">
      <Filter>源文件\Widgets\Plots</Filter>
    </ClCompile>
    <ClCompile Include="UI_PlotLines.cpp">
      <Filter>源文件\Widgets\Plots</Filter>
    </ClCompile>
    <ClCompile Include="UI_CheckBox.cpp">
      <Filter>源文件\Widgets\Selection</Filter>
    </ClCompile>
    <ClCompile Include="UI_ColorEdit.cpp">
      <Filter>源文件\Widgets\Selection</Filter>
    </ClCompile>
    <ClCompile Include="UI_ColorPicker.cpp">
      <Filter>源文件\Widgets\Selection</Filter>
    </ClCompile>
    <ClCompile Include="UI_ComboBox.cpp">
      <Filter>源文件\Widgets\Selection</Filter>
    </ClCompile>
    <ClCompile Include="UI_RadioButton.cpp">
      <Filter>源文件\Widgets\Selection</Filter>
    </ClCompile>
    <ClCompile Include="UI_RadioButtonLinker.cpp">
      <Filter>源文件\Widgets\Selection</Filter>
    </ClCompile>
    <ClCompile Include="UI_SliderSingleScalar.cpp">
      <Filter>源文件\Widgets\Sliders</Filter>
    </ClCompile>
    <ClCompile Include="UI_SliderInt.cpp">
      <Filter>源文件\Widgets\Sliders</Filter>
    </ClCompile>
    <ClCompile Include="UI_SliderFloat.cpp">
      <Filter>源文件\Widgets\Sliders</Filter>
    </ClCompile>
    <ClCompile Include="UI_SliderDouble.cpp">
      <Filter>源文件\Widgets\Sliders</Filter>
    </ClCompile>
    <ClCompile Include="UI_SliderMultipleScalars.cpp">
      <Filter>源文件\Widgets\Sliders</Filter>
    </ClCompile>
    <ClCompile Include="UI_SliderMultipleInts.cpp">
      <Filter>源文件\Widgets\Sliders</Filter>
    </ClCompile>
    <ClCompile Include="UI_SliderMultipleFloats.cpp">
      <Filter>源文件\Widgets\Sliders</Filter>
    </ClCompile>
    <ClCompile Include="UI_SliderMultipleDoubles.cpp">
      <Filter>源文件\Widgets\Sliders</Filter>
    </ClCompile>
    <ClCompile Include="UI_Text.cpp">
      <Filter>源文件\Widgets\Texts</Filter>
    </ClCompile>
    <ClCompile Include="UI_TextClickable.cpp">
      <Filter>源文件\Widgets\Texts</Filter>
    </ClCompile>
    <ClCompile Include="UI_TextColored.cpp">
      <Filter>源文件\Widgets\Texts</Filter>
    </ClCompile>
    <ClCompile Include="UI_TextDisabled.cpp">
      <Filter>源文件\Widgets\Texts</Filter>
    </ClCompile>
    <ClCompile Include="UI_TextLabelled.cpp">
      <Filter>源文件\Widgets\Texts</Filter>
    </ClCompile>
    <ClCompile Include="UI_TextSelectable.cpp">
      <Filter>源文件\Widgets\Texts</Filter>
    </ClCompile>
    <ClCompile Include="UI_TextWrapped.cpp">
      <Filter>源文件\Widgets\Texts</Filter>
    </ClCompile>
    <ClCompile Include="UI_Bullet.cpp">
      <Filter>源文件\Widgets\Visual</Filter>
    </ClCompile>
    <ClCompile Include="UI_Image.cpp">
      <Filter>源文件\Widgets\Visual</Filter>
    </ClCompile>
    <ClCompile Include="UI_ProgressBar.cpp">
      <Filter>源文件\Widgets\Visual</Filter>
    </ClCompile>
    <ClCompile Include="UI_Separator.cpp">
      <Filter>源文件\Widgets\Visual</Filter>
    </ClCompile>
    <ClCompile Include="UI_APanel.cpp">
      <Filter>源文件\Widgets\Panels</Filter>
    </ClCompile>
  </ItemGroup>
</Project>